
Microsoft Visual Studio Solution File, Format Version 12.00
# Visual Studio Version 16
VisualStudioVersion = 16.0.29920.165
MinimumVisualStudioVersion = 10.0.40219.1
Project("{FAE04EC0-301F-11D3-BF4B-00C04F79EFBC}") = "technoserv-day2task-AbstractVector", "technoserv-day2task-AbstractVector\technoserv-day2task-AbstractVector.csproj", "{D088DB99-9CC8-40C5-A1F6-0E27457A3CB4}"
EndProject
Global
	GlobalSection(SolutionConfigurationPlatforms) = preSolution
		Debug|Any CPU = Debug|Any CPU
		Release|Any CPU = Release|Any CPU
	EndGlobalSection
	GlobalSection(ProjectConfigurationPlatforms) = postSolution
		{D088DB99-9CC8-40C5-A1F6-0E27457A3CB4}.Debug|Any CPU.ActiveCfg = Debug|Any CPU
		{D088DB99-9CC8-40C5-A1F6-0E27457A3CB4}.Debug|Any CPU.Build.0 = Debug|Any CPU
		{D088DB99-9CC8-40C5-A1F6-0E27457A3CB4}.Release|Any CPU.ActiveCfg = Release|Any CPU
		{D088DB99-9CC8-40C5-A1F6-0E27457A3CB4}.Release|Any CPU.Build.0 = Release|Any CPU
	EndGlobalSection
	GlobalSection(SolutionProperties) = preSolution
		HideSolutionNode = FALSE
	EndGlobalSection
	GlobalSection(ExtensibilityGlobals) = postSolution
		SolutionGuid = {AB5EF1C2-D61F-4579-8B15-3F6AB774F8F9}
	EndGlobalSection
EndGlobal
